
Microsoft Visual Studio Solution File, Format Version 12.00
# Visual Studio Version 17
VisualStudioVersion = 17.3.32611.2
MinimumVisualStudioVersion = 10.0.40219.1
Project("{9A19103F-16F7-4668-BE54-9A1E7A4F7556}") = "RuichenShuxin.AbpPro.Domain", "services\RuichenShuxin.AbpPro.Domain\RuichenShuxin.AbpPro.Domain.csproj", "{554AD327-6DBA-4F8F-96F8-81CE7A0C863F}"
EndProject
Project("{9A19103F-16F7-4668-BE54-9A1E7A4F7556}") = "RuichenShuxin.AbpPro.Application", "services\RuichenShuxin.AbpPro.Application\RuichenShuxin.AbpPro.Application.csproj", "{1A94A50E-06DC-43C1-80B5-B662820EC3EB}"
EndProject
Project("{9A19103F-16F7-4668-BE54-9A1E7A4F7556}") = "RuichenShuxin.AbpPro.EntityFrameworkCore", "services\RuichenShuxin.AbpPro.EntityFrameworkCore\RuichenShuxin.AbpPro.EntityFrameworkCore.csproj", "{C956DD76-69C8-4A9C-83EA-D17DF83340FD}"
EndProject
Project("{2150E333-8FDC-42A3-9474-1A3956D46DE8}") = "services", "services", "{CA9AC87F-097E-4F15-8393-4BC07735A5B0}"
EndProject
Project("{9A19103F-16F7-4668-BE54-9A1E7A4F7556}") = "RuichenShuxin.AbpPro.Domain.Shared", "services\RuichenShuxin.AbpPro.Domain.Shared\RuichenShuxin.AbpPro.Domain.Shared.csproj", "{42F719ED-8413-4895-B5B4-5AB56079BC66}"
EndProject
Project("{9A19103F-16F7-4668-BE54-9A1E7A4F7556}") = "RuichenShuxin.AbpPro.Application.Contracts", "services\RuichenShuxin.AbpPro.Application.Contracts\RuichenShuxin.AbpPro.Application.Contracts.csproj", "{520659C8-C734-4298-A3DA-B539DB9DFC0B}"
EndProject
Project("{9A19103F-16F7-4668-BE54-9A1E7A4F7556}") = "RuichenShuxin.AbpPro.HttpApi", "services\RuichenShuxin.AbpPro.HttpApi\RuichenShuxin.AbpPro.HttpApi.csproj", "{4164BDF7-F527-4E85-9CE6-E3C2D7426A27}"
EndProject
Project("{9A19103F-16F7-4668-BE54-9A1E7A4F7556}") = "RuichenShuxin.AbpPro.HttpApi.Client", "services\RuichenShuxin.AbpPro.HttpApi.Client\RuichenShuxin.AbpPro.HttpApi.Client.csproj", "{3B5A0094-670D-4BB1-BFDD-61B88A8773DC}"
EndProject
Project("{9A19103F-16F7-4668-BE54-9A1E7A4F7556}") = "RuichenShuxin.AbpPro.DbMigrator", "services\RuichenShuxin.AbpPro.DbMigrator\RuichenShuxin.AbpPro.DbMigrator.csproj", "{70680696-BB1E-4383-BCB2-42C3767171FB}"
EndProject
Project("{9A19103F-16F7-4668-BE54-9A1E7A4F7556}") = "RuichenShuxin.AbpPro.HttpApi.Host", "services\RuichenShuxin.AbpPro.HttpApi.Host\RuichenShuxin.AbpPro.HttpApi.Host.csproj", "{96E5259E-59A3-4FAF-BCD1-5BF8E74EF82C}"
EndProject
Project("{2150E333-8FDC-42A3-9474-1A3956D46DE8}") = "frameworks", "frameworks", "{B91A47D2-C263-5038-41EB-7F1393D47ED0}"
EndProject
Project("{FAE04EC0-301F-11D3-BF4B-00C04F79EFBC}") = "RuichenShuxin.AbpPro.Cli", "frameworks\RuichenShuxin.AbpPro.Cli\RuichenShuxin.AbpPro.Cli.csproj", "{21AF84A5-1BD1-4954-9164-F800A125FAAB}"
EndProject
Project("{FAE04EC0-301F-11D3-BF4B-00C04F79EFBC}") = "RuichenShuxin.AbpPro.Cli.Core", "frameworks\RuichenShuxin.AbpPro.Cli.Core\RuichenShuxin.AbpPro.Cli.Core.csproj", "{6AE434E8-4627-4425-9512-6679171C0AFD}"
EndProject
Project("{FAE04EC0-301F-11D3-BF4B-00C04F79EFBC}") = "RuichenShuxin.AbpPro.Core", "frameworks\RuichenShuxin.AbpPro.Core\RuichenShuxin.AbpPro.Core.csproj", "{7E4D2CE3-7AD6-46A3-B8A5-35911E04C1E3}"
EndProject
Project("{FAE04EC0-301F-11D3-BF4B-00C04F79EFBC}") = "RuichenShuxin.AbpPro.Localization", "frameworks\RuichenShuxin.AbpPro.Localization\RuichenShuxin.AbpPro.Localization.csproj", "{5F378542-3A21-408E-B5A0-9E715CA86C68}"
EndProject
Project("{2150E333-8FDC-42A3-9474-1A3956D46DE8}") = "modules", "modules", "{02EA681E-C7D8-13C7-8484-4AC65E1B71E8}"
EndProject
Project("{2150E333-8FDC-42A3-9474-1A3956D46DE8}") = "language", "language", "{5CED4043-E2EC-49E9-BC00-6A60BE93C81D}"
EndProject
Project("{FAE04EC0-301F-11D3-BF4B-00C04F79EFBC}") = "RuichenShuxin.AbpPro.Language.Application", "modules\language\RuichenShuxin.AbpPro.Language.Application\RuichenShuxin.AbpPro.Language.Application.csproj", "{005854C5-2931-3EAD-A30A-8F54A1C74C7C}"
EndProject
Project("{FAE04EC0-301F-11D3-BF4B-00C04F79EFBC}") = "RuichenShuxin.AbpPro.Language.Application.Contracts", "modules\language\RuichenShuxin.AbpPro.Language.Application.Contracts\RuichenShuxin.AbpPro.Language.Application.Contracts.csproj", "{5A359578-17D6-2C1B-E16E-CD42023724E7}"
EndProject
Project("{FAE04EC0-301F-11D3-BF4B-00C04F79EFBC}") = "RuichenShuxin.AbpPro.Language.Domain", "modules\language\RuichenShuxin.AbpPro.Language.Domain\RuichenShuxin.AbpPro.Language.Domain.csproj", "{1E9EB239-8E54-3E92-4B53-CDC773ACBBFD}"
EndProject
Project("{FAE04EC0-301F-11D3-BF4B-00C04F79EFBC}") = "RuichenShuxin.AbpPro.Language.Domain.Shared", "modules\language\RuichenShuxin.AbpPro.Language.Domain.Shared\RuichenShuxin.AbpPro.Language.Domain.Shared.csproj", "{EA3A2E3B-6932-CFA0-0785-7DF2EA4F9CA5}"
EndProject
Project("{FAE04EC0-301F-11D3-BF4B-00C04F79EFBC}") = "RuichenShuxin.AbpPro.Language.EntityFrameworkCore", "modules\language\RuichenShuxin.AbpPro.Language.EntityFrameworkCore\RuichenShuxin.AbpPro.Language.EntityFrameworkCore.csproj", "{849C28C0-9C74-8645-05BF-93477CD0A15D}"
EndProject
Project("{FAE04EC0-301F-11D3-BF4B-00C04F79EFBC}") = "RuichenShuxin.AbpPro.Language.HttpApi", "modules\language\RuichenShuxin.AbpPro.Language.HttpApi\RuichenShuxin.AbpPro.Language.HttpApi.csproj", "{5FE66F92-9258-1461-5968-907EAD4D60E7}"
EndProject
Project("{FAE04EC0-301F-11D3-BF4B-00C04F79EFBC}") = "RuichenShuxin.AbpPro.Language.HttpApi.Client", "modules\language\RuichenShuxin.AbpPro.Language.HttpApi.Client\RuichenShuxin.AbpPro.Language.HttpApi.Client.csproj", "{EE20C5AF-A582-4751-5E0B-C1B378FE0920}"
EndProject
Project("{2150E333-8FDC-42A3-9474-1A3956D46DE8}") = "notification", "notification", "{6049D5CE-E272-4D01-A28C-3CEFF7D318A6}"
EndProject
Project("{FAE04EC0-301F-11D3-BF4B-00C04F79EFBC}") = "RuichenShuxin.AbpPro.Notification.Application", "modules\notification\RuichenShuxin.AbpPro.Notification.Application\RuichenShuxin.AbpPro.Notification.Application.csproj", "{0CC442CD-A4AC-14B0-3F1E-E560ADD7BF0F}"
EndProject
Project("{FAE04EC0-301F-11D3-BF4B-00C04F79EFBC}") = "RuichenShuxin.AbpPro.Notification.Application.Contracts", "modules\notification\RuichenShuxin.AbpPro.Notification.Application.Contracts\RuichenShuxin.AbpPro.Notification.Application.Contracts.csproj", "{397C3258-C72F-AC0F-386C-2641CC1CC02C}"
EndProject
Project("{FAE04EC0-301F-11D3-BF4B-00C04F79EFBC}") = "RuichenShuxin.AbpPro.Notification.Domain", "modules\notification\RuichenShuxin.AbpPro.Notification.Domain\RuichenShuxin.AbpPro.Notification.Domain.csproj", "{B530F793-3201-8B46-B934-308834BAA2F8}"
EndProject
Project("{FAE04EC0-301F-11D3-BF4B-00C04F79EFBC}") = "RuichenShuxin.AbpPro.Notification.Domain.Shared", "modules\notification\RuichenShuxin.AbpPro.Notification.Domain.Shared\RuichenShuxin.AbpPro.Notification.Domain.Shared.csproj", "{CADD05CF-433E-E924-FB39-BD57B0E52272}"
EndProject
Project("{FAE04EC0-301F-11D3-BF4B-00C04F79EFBC}") = "RuichenShuxin.AbpPro.Notification.EntityFrameworkCore", "modules\notification\RuichenShuxin.AbpPro.Notification.EntityFrameworkCore\RuichenShuxin.AbpPro.Notification.EntityFrameworkCore.csproj", "{5198D6CF-58FF-9762-5B8B-461D453B97B9}"
EndProject
Project("{FAE04EC0-301F-11D3-BF4B-00C04F79EFBC}") = "RuichenShuxin.AbpPro.Notification.HttpApi", "modules\notification\RuichenShuxin.AbpPro.Notification.HttpApi\RuichenShuxin.AbpPro.Notification.HttpApi.csproj", "{2F858A05-0622-C3C5-B8FB-5AF0B0EF1DDB}"
EndProject
Project("{FAE04EC0-301F-11D3-BF4B-00C04F79EFBC}") = "RuichenShuxin.AbpPro.Notification.HttpApi.Client", "modules\notification\RuichenShuxin.AbpPro.Notification.HttpApi.Client\RuichenShuxin.AbpPro.Notification.HttpApi.Client.csproj", "{262F71BF-AEB6-F9C2-CD27-B39374A7C412}"
EndProject
Project("{2150E333-8FDC-42A3-9474-1A3956D46DE8}") = "platform", "platform", "{476F5648-7AB8-4BA5-8E0C-A8F20E3569AF}"
EndProject
Project("{FAE04EC0-301F-11D3-BF4B-00C04F79EFBC}") = "RuichenShuxin.AbpPro.Platform.Application", "modules\platform\RuichenShuxin.AbpPro.Platform.Application\RuichenShuxin.AbpPro.Platform.Application.csproj", "{2B43B909-4202-E15E-F28E-53C6ED2E4696}"
EndProject
Project("{FAE04EC0-301F-11D3-BF4B-00C04F79EFBC}") = "RuichenShuxin.AbpPro.Platform.Application.Contracts", "modules\platform\RuichenShuxin.AbpPro.Platform.Application.Contracts\RuichenShuxin.AbpPro.Platform.Application.Contracts.csproj", "{8D0754C2-9CA4-EF79-D5B7-54785592F1EF}"
EndProject
Project("{FAE04EC0-301F-11D3-BF4B-00C04F79EFBC}") = "RuichenShuxin.AbpPro.Platform.Domain", "modules\platform\RuichenShuxin.AbpPro.Platform.Domain\RuichenShuxin.AbpPro.Platform.Domain.csproj", "{53FA6665-8D85-2BFC-4A2F-DD07AE4E06FD}"
EndProject
Project("{FAE04EC0-301F-11D3-BF4B-00C04F79EFBC}") = "RuichenShuxin.AbpPro.Platform.Domain.Shared", "modules\platform\RuichenShuxin.AbpPro.Platform.Domain.Shared\RuichenShuxin.AbpPro.Platform.Domain.Shared.csproj", "{9816CFC8-D0FE-76EC-2069-D388CB005196}"
EndProject
Project("{FAE04EC0-301F-11D3-BF4B-00C04F79EFBC}") = "RuichenShuxin.AbpPro.Platform.EntityFrameworkCore", "modules\platform\RuichenShuxin.AbpPro.Platform.EntityFrameworkCore\RuichenShuxin.AbpPro.Platform.EntityFrameworkCore.csproj", "{D852C12A-A741-A693-7513-6DD739C7E86B}"
EndProject
Project("{FAE04EC0-301F-11D3-BF4B-00C04F79EFBC}") = "RuichenShuxin.AbpPro.Platform.HttpApi", "modules\platform\RuichenShuxin.AbpPro.Platform.HttpApi\RuichenShuxin.AbpPro.Platform.HttpApi.csproj", "{AE512FA1-F958-2CF6-B15E-322064CDC3EE}"
EndProject
Project("{FAE04EC0-301F-11D3-BF4B-00C04F79EFBC}") = "RuichenShuxin.AbpPro.Platform.HttpApi.Client", "modules\platform\RuichenShuxin.AbpPro.Platform.HttpApi.Client\RuichenShuxin.AbpPro.Platform.HttpApi.Client.csproj", "{A1302878-1EBB-CBC1-DF06-E504CCA3D4BB}"
EndProject
Project("{2150E333-8FDC-42A3-9474-1A3956D46DE8}") = "storage", "storage", "{BC058ECD-361C-4F40-BAA7-B2CD14101B3A}"
EndProject
Project("{FAE04EC0-301F-11D3-BF4B-00C04F79EFBC}") = "RuichenShuxin.AbpPro.Storage.Application", "modules\storage\RuichenShuxin.AbpPro.Storage.Application\RuichenShuxin.AbpPro.Storage.Application.csproj", "{CC903F57-EC01-068A-3387-1C639FA225BF}"
EndProject
Project("{FAE04EC0-301F-11D3-BF4B-00C04F79EFBC}") = "RuichenShuxin.AbpPro.Storage.Application.Contracts", "modules\storage\RuichenShuxin.AbpPro.Storage.Application.Contracts\RuichenShuxin.AbpPro.Storage.Application.Contracts.csproj", "{F193EA3E-B6F4-D847-4705-A2368DF768C5}"
EndProject
Project("{FAE04EC0-301F-11D3-BF4B-00C04F79EFBC}") = "RuichenShuxin.AbpPro.Storage.Domain", "modules\storage\RuichenShuxin.AbpPro.Storage.Domain\RuichenShuxin.AbpPro.Storage.Domain.csproj", "{3E09CC44-9844-0958-E80E-8C9D0855672A}"
EndProject
Project("{FAE04EC0-301F-11D3-BF4B-00C04F79EFBC}") = "RuichenShuxin.AbpPro.Storage.Domain.Shared", "modules\storage\RuichenShuxin.AbpPro.Storage.Domain.Shared\RuichenShuxin.AbpPro.Storage.Domain.Shared.csproj", "{6631FE80-69DA-3D28-224D-C558D679904F}"
EndProject
Project("{FAE04EC0-301F-11D3-BF4B-00C04F79EFBC}") = "RuichenShuxin.AbpPro.Storage.EntityFrameworkCore", "modules\storage\RuichenShuxin.AbpPro.Storage.EntityFrameworkCore\RuichenShuxin.AbpPro.Storage.EntityFrameworkCore.csproj", "{DAF1125A-FFDA-BBB6-426E-49F51237C8F2}"
EndProject
Project("{FAE04EC0-301F-11D3-BF4B-00C04F79EFBC}") = "RuichenShuxin.AbpPro.Storage.HttpApi", "modules\storage\RuichenShuxin.AbpPro.Storage.HttpApi\RuichenShuxin.AbpPro.Storage.HttpApi.csproj", "{AE7B93E8-E673-87EC-065E-E4067648344C}"
EndProject
Project("{FAE04EC0-301F-11D3-BF4B-00C04F79EFBC}") = "RuichenShuxin.AbpPro.Storage.HttpApi.Client", "modules\storage\RuichenShuxin.AbpPro.Storage.HttpApi.Client\RuichenShuxin.AbpPro.Storage.HttpApi.Client.csproj", "{F83A5AEC-03B9-3A5D-6B14-E18BC97D65F6}"
EndProject
Project("{2150E333-8FDC-42A3-9474-1A3956D46DE8}") = "0 Solution Items", "0 Solution Items", "{59394EA1-3C53-4BF3-A602-50136B35AD43}"
	ProjectSection(SolutionItems) = preProject
		..\Directory.Build.Other.props = ..\Directory.Build.Other.props
		..\Directory.Build.targets = ..\Directory.Build.targets
		..\Directory.Build.Volo.props = ..\Directory.Build.Volo.props
		..\NuGet.Config = ..\NuGet.Config
		..\README.md = ..\README.md
	EndProjectSection
EndProject
Project("{FAE04EC0-301F-11D3-BF4B-00C04F79EFBC}") = "RuichenShuxin.AbpPro.OAuth", "frameworks\RuichenShuxin.AbpPro.OAuth\RuichenShuxin.AbpPro.OAuth.csproj", "{E24B8222-DA6B-42BC-80D9-797FAC05C2EA}"
EndProject
Project("{FAE04EC0-301F-11D3-BF4B-00C04F79EFBC}") = "RuichenShuxin.AbpPro.CAP", "frameworks\RuichenShuxin.AbpPro.CAP\RuichenShuxin.AbpPro.CAP.csproj", "{A68818F5-9204-4DFF-A7D3-29E540F71D17}"
EndProject
Global
	GlobalSection(SolutionConfigurationPlatforms) = preSolution
		Debug|Any CPU = Debug|Any CPU
		Debug|x64 = Debug|x64
		Debug|x86 = Debug|x86
		Release|Any CPU = Release|Any CPU
		Release|x64 = Release|x64
		Release|x86 = Release|x86
	EndGlobalSection
	GlobalSection(ProjectConfigurationPlatforms) = postSolution
		{554AD327-6DBA-4F8F-96F8-81CE7A0C863F}.Debug|Any CPU.ActiveCfg = Debug|Any CPU
		{554AD327-6DBA-4F8F-96F8-81CE7A0C863F}.Debug|Any CPU.Build.0 = Debug|Any CPU
		{554AD327-6DBA-4F8F-96F8-81CE7A0C863F}.Debug|x64.ActiveCfg = Debug|Any CPU
		{554AD327-6DBA-4F8F-96F8-81CE7A0C863F}.Debug|x64.Build.0 = Debug|Any CPU
		{554AD327-6DBA-4F8F-96F8-81CE7A0C863F}.Debug|x86.ActiveCfg = Debug|Any CPU
		{554AD327-6DBA-4F8F-96F8-81CE7A0C863F}.Debug|x86.Build.0 = Debug|Any CPU
		{554AD327-6DBA-4F8F-96F8-81CE7A0C863F}.Release|Any CPU.ActiveCfg = Release|Any CPU
		{554AD327-6DBA-4F8F-96F8-81CE7A0C863F}.Release|Any CPU.Build.0 = Release|Any CPU
		{554AD327-6DBA-4F8F-96F8-81CE7A0C863F}.Release|x64.ActiveCfg = Release|Any CPU
		{554AD327-6DBA-4F8F-96F8-81CE7A0C863F}.Release|x64.Build.0 = Release|Any CPU
		{554AD327-6DBA-4F8F-96F8-81CE7A0C863F}.Release|x86.ActiveCfg = Release|Any CPU
		{554AD327-6DBA-4F8F-96F8-81CE7A0C863F}.Release|x86.Build.0 = Release|Any CPU
		{1A94A50E-06DC-43C1-80B5-B662820EC3EB}.Debug|Any CPU.ActiveCfg = Debug|Any CPU
		{1A94A50E-06DC-43C1-80B5-B662820EC3EB}.Debug|Any CPU.Build.0 = Debug|Any CPU
		{1A94A50E-06DC-43C1-80B5-B662820EC3EB}.Debug|x64.ActiveCfg = Debug|Any CPU
		{1A94A50E-06DC-43C1-80B5-B662820EC3EB}.Debug|x64.Build.0 = Debug|Any CPU
		{1A94A50E-06DC-43C1-80B5-B662820EC3EB}.Debug|x86.ActiveCfg = Debug|Any CPU
		{1A94A50E-06DC-43C1-80B5-B662820EC3EB}.Debug|x86.Build.0 = Debug|Any CPU
		{1A94A50E-06DC-43C1-80B5-B662820EC3EB}.Release|Any CPU.ActiveCfg = Release|Any CPU
		{1A94A50E-06DC-43C1-80B5-B662820EC3EB}.Release|Any CPU.Build.0 = Release|Any CPU
		{1A94A50E-06DC-43C1-80B5-B662820EC3EB}.Release|x64.ActiveCfg = Release|Any CPU
		{1A94A50E-06DC-43C1-80B5-B662820EC3EB}.Release|x64.Build.0 = Release|Any CPU
		{1A94A50E-06DC-43C1-80B5-B662820EC3EB}.Release|x86.ActiveCfg = Release|Any CPU
		{1A94A50E-06DC-43C1-80B5-B662820EC3EB}.Release|x86.Build.0 = Release|Any CPU
		{C956DD76-69C8-4A9C-83EA-D17DF83340FD}.Debug|Any CPU.ActiveCfg = Debug|Any CPU
		{C956DD76-69C8-4A9C-83EA-D17DF83340FD}.Debug|Any CPU.Build.0 = Debug|Any CPU
		{C956DD76-69C8-4A9C-83EA-D17DF83340FD}.Debug|x64.ActiveCfg = Debug|Any CPU
		{C956DD76-69C8-4A9C-83EA-D17DF83340FD}.Debug|x64.Build.0 = Debug|Any CPU
		{C956DD76-69C8-4A9C-83EA-D17DF83340FD}.Debug|x86.ActiveCfg = Debug|Any CPU
		{C956DD76-69C8-4A9C-83EA-D17DF83340FD}.Debug|x86.Build.0 = Debug|Any CPU
		{C956DD76-69C8-4A9C-83EA-D17DF83340FD}.Release|Any CPU.ActiveCfg = Release|Any CPU
		{C956DD76-69C8-4A9C-83EA-D17DF83340FD}.Release|Any CPU.Build.0 = Release|Any CPU
		{C956DD76-69C8-4A9C-83EA-D17DF83340FD}.Release|x64.ActiveCfg = Release|Any CPU
		{C956DD76-69C8-4A9C-83EA-D17DF83340FD}.Release|x64.Build.0 = Release|Any CPU
		{C956DD76-69C8-4A9C-83EA-D17DF83340FD}.Release|x86.ActiveCfg = Release|Any CPU
		{C956DD76-69C8-4A9C-83EA-D17DF83340FD}.Release|x86.Build.0 = Release|Any CPU
		{42F719ED-8413-4895-B5B4-5AB56079BC66}.Debug|Any CPU.ActiveCfg = Debug|Any CPU
		{42F719ED-8413-4895-B5B4-5AB56079BC66}.Debug|Any CPU.Build.0 = Debug|Any CPU
		{42F719ED-8413-4895-B5B4-5AB56079BC66}.Debug|x64.ActiveCfg = Debug|Any CPU
		{42F719ED-8413-4895-B5B4-5AB56079BC66}.Debug|x64.Build.0 = Debug|Any CPU
		{42F719ED-8413-4895-B5B4-5AB56079BC66}.Debug|x86.ActiveCfg = Debug|Any CPU
		{42F719ED-8413-4895-B5B4-5AB56079BC66}.Debug|x86.Build.0 = Debug|Any CPU
		{42F719ED-8413-4895-B5B4-5AB56079BC66}.Release|Any CPU.ActiveCfg = Release|Any CPU
		{42F719ED-8413-4895-B5B4-5AB56079BC66}.Release|Any CPU.Build.0 = Release|Any CPU
		{42F719ED-8413-4895-B5B4-5AB56079BC66}.Release|x64.ActiveCfg = Release|Any CPU
		{42F719ED-8413-4895-B5B4-5AB56079BC66}.Release|x64.Build.0 = Release|Any CPU
		{42F719ED-8413-4895-B5B4-5AB56079BC66}.Release|x86.ActiveCfg = Release|Any CPU
		{42F719ED-8413-4895-B5B4-5AB56079BC66}.Release|x86.Build.0 = Release|Any CPU
		{520659C8-C734-4298-A3DA-B539DB9DFC0B}.Debug|Any CPU.ActiveCfg = Debug|Any CPU
		{520659C8-C734-4298-A3DA-B539DB9DFC0B}.Debug|Any CPU.Build.0 = Debug|Any CPU
		{520659C8-C734-4298-A3DA-B539DB9DFC0B}.Debug|x64.ActiveCfg = Debug|Any CPU
		{520659C8-C734-4298-A3DA-B539DB9DFC0B}.Debug|x64.Build.0 = Debug|Any CPU
		{520659C8-C734-4298-A3DA-B539DB9DFC0B}.Debug|x86.ActiveCfg = Debug|Any CPU
		{520659C8-C734-4298-A3DA-B539DB9DFC0B}.Debug|x86.Build.0 = Debug|Any CPU
		{520659C8-C734-4298-A3DA-B539DB9DFC0B}.Release|Any CPU.ActiveCfg = Release|Any CPU
		{520659C8-C734-4298-A3DA-B539DB9DFC0B}.Release|Any CPU.Build.0 = Release|Any CPU
		{520659C8-C734-4298-A3DA-B539DB9DFC0B}.Release|x64.ActiveCfg = Release|Any CPU
		{520659C8-C734-4298-A3DA-B539DB9DFC0B}.Release|x64.Build.0 = Release|Any CPU
		{520659C8-C734-4298-A3DA-B539DB9DFC0B}.Release|x86.ActiveCfg = Release|Any CPU
		{520659C8-C734-4298-A3DA-B539DB9DFC0B}.Release|x86.Build.0 = Release|Any CPU
		{4164BDF7-F527-4E85-9CE6-E3C2D7426A27}.Debug|Any CPU.ActiveCfg = Debug|Any CPU
		{4164BDF7-F527-4E85-9CE6-E3C2D7426A27}.Debug|Any CPU.Build.0 = Debug|Any CPU
		{4164BDF7-F527-4E85-9CE6-E3C2D7426A27}.Debug|x64.ActiveCfg = Debug|Any CPU
		{4164BDF7-F527-4E85-9CE6-E3C2D7426A27}.Debug|x64.Build.0 = Debug|Any CPU
		{4164BDF7-F527-4E85-9CE6-E3C2D7426A27}.Debug|x86.ActiveCfg = Debug|Any CPU
		{4164BDF7-F527-4E85-9CE6-E3C2D7426A27}.Debug|x86.Build.0 = Debug|Any CPU
		{4164BDF7-F527-4E85-9CE6-E3C2D7426A27}.Release|Any CPU.ActiveCfg = Release|Any CPU
		{4164BDF7-F527-4E85-9CE6-E3C2D7426A27}.Release|Any CPU.Build.0 = Release|Any CPU
		{4164BDF7-F527-4E85-9CE6-E3C2D7426A27}.Release|x64.ActiveCfg = Release|Any CPU
		{4164BDF7-F527-4E85-9CE6-E3C2D7426A27}.Release|x64.Build.0 = Release|Any CPU
		{4164BDF7-F527-4E85-9CE6-E3C2D7426A27}.Release|x86.ActiveCfg = Release|Any CPU
		{4164BDF7-F527-4E85-9CE6-E3C2D7426A27}.Release|x86.Build.0 = Release|Any CPU
		{3B5A0094-670D-4BB1-BFDD-61B88A8773DC}.Debug|Any CPU.ActiveCfg = Debug|Any CPU
		{3B5A0094-670D-4BB1-BFDD-61B88A8773DC}.Debug|Any CPU.Build.0 = Debug|Any CPU
		{3B5A0094-670D-4BB1-BFDD-61B88A8773DC}.Debug|x64.ActiveCfg = Debug|Any CPU
		{3B5A0094-670D-4BB1-BFDD-61B88A8773DC}.Debug|x64.Build.0 = Debug|Any CPU
		{3B5A0094-670D-4BB1-BFDD-61B88A8773DC}.Debug|x86.ActiveCfg = Debug|Any CPU
		{3B5A0094-670D-4BB1-BFDD-61B88A8773DC}.Debug|x86.Build.0 = Debug|Any CPU
		{3B5A0094-670D-4BB1-BFDD-61B88A8773DC}.Release|Any CPU.ActiveCfg = Release|Any CPU
		{3B5A0094-670D-4BB1-BFDD-61B88A8773DC}.Release|Any CPU.Build.0 = Release|Any CPU
		{3B5A0094-670D-4BB1-BFDD-61B88A8773DC}.Release|x64.ActiveCfg = Release|Any CPU
		{3B5A0094-670D-4BB1-BFDD-61B88A8773DC}.Release|x64.Build.0 = Release|Any CPU
		{3B5A0094-670D-4BB1-BFDD-61B88A8773DC}.Release|x86.ActiveCfg = Release|Any CPU
		{3B5A0094-670D-4BB1-BFDD-61B88A8773DC}.Release|x86.Build.0 = Release|Any CPU
		{70680696-BB1E-4383-BCB2-42C3767171FB}.Debug|Any CPU.ActiveCfg = Debug|Any CPU
		{70680696-BB1E-4383-BCB2-42C3767171FB}.Debug|Any CPU.Build.0 = Debug|Any CPU
		{70680696-BB1E-4383-BCB2-42C3767171FB}.Debug|x64.ActiveCfg = Debug|Any CPU
		{70680696-BB1E-4383-BCB2-42C3767171FB}.Debug|x64.Build.0 = Debug|Any CPU
		{70680696-BB1E-4383-BCB2-42C3767171FB}.Debug|x86.ActiveCfg = Debug|Any CPU
		{70680696-BB1E-4383-BCB2-42C3767171FB}.Debug|x86.Build.0 = Debug|Any CPU
		{70680696-BB1E-4383-BCB2-42C3767171FB}.Release|Any CPU.ActiveCfg = Release|Any CPU
		{70680696-BB1E-4383-BCB2-42C3767171FB}.Release|Any CPU.Build.0 = Release|Any CPU
		{70680696-BB1E-4383-BCB2-42C3767171FB}.Release|x64.ActiveCfg = Release|Any CPU
		{70680696-BB1E-4383-BCB2-42C3767171FB}.Release|x64.Build.0 = Release|Any CPU
		{70680696-BB1E-4383-BCB2-42C3767171FB}.Release|x86.ActiveCfg = Release|Any CPU
		{70680696-BB1E-4383-BCB2-42C3767171FB}.Release|x86.Build.0 = Release|Any CPU
		{96E5259E-59A3-4FAF-BCD1-5BF8E74EF82C}.Debug|Any CPU.ActiveCfg = Debug|Any CPU
		{96E5259E-59A3-4FAF-BCD1-5BF8E74EF82C}.Debug|Any CPU.Build.0 = Debug|Any CPU
		{96E5259E-59A3-4FAF-BCD1-5BF8E74EF82C}.Debug|x64.ActiveCfg = Debug|Any CPU
		{96E5259E-59A3-4FAF-BCD1-5BF8E74EF82C}.Debug|x64.Build.0 = Debug|Any CPU
		{96E5259E-59A3-4FAF-BCD1-5BF8E74EF82C}.Debug|x86.ActiveCfg = Debug|Any CPU
		{96E5259E-59A3-4FAF-BCD1-5BF8E74EF82C}.Debug|x86.Build.0 = Debug|Any CPU
		{96E5259E-59A3-4FAF-BCD1-5BF8E74EF82C}.Release|Any CPU.ActiveCfg = Release|Any CPU
		{96E5259E-59A3-4FAF-BCD1-5BF8E74EF82C}.Release|Any CPU.Build.0 = Release|Any CPU
		{96E5259E-59A3-4FAF-BCD1-5BF8E74EF82C}.Release|x64.ActiveCfg = Release|Any CPU
		{96E5259E-59A3-4FAF-BCD1-5BF8E74EF82C}.Release|x64.Build.0 = Release|Any CPU
		{96E5259E-59A3-4FAF-BCD1-5BF8E74EF82C}.Release|x86.ActiveCfg = Release|Any CPU
		{96E5259E-59A3-4FAF-BCD1-5BF8E74EF82C}.Release|x86.Build.0 = Release|Any CPU
		{21AF84A5-1BD1-4954-9164-F800A125FAAB}.Debug|Any CPU.ActiveCfg = Debug|Any CPU
		{21AF84A5-1BD1-4954-9164-F800A125FAAB}.Debug|Any CPU.Build.0 = Debug|Any CPU
		{21AF84A5-1BD1-4954-9164-F800A125FAAB}.Debug|x64.ActiveCfg = Debug|Any CPU
		{21AF84A5-1BD1-4954-9164-F800A125FAAB}.Debug|x64.Build.0 = Debug|Any CPU
		{21AF84A5-1BD1-4954-9164-F800A125FAAB}.Debug|x86.ActiveCfg = Debug|Any CPU
		{21AF84A5-1BD1-4954-9164-F800A125FAAB}.Debug|x86.Build.0 = Debug|Any CPU
		{21AF84A5-1BD1-4954-9164-F800A125FAAB}.Release|Any CPU.ActiveCfg = Release|Any CPU
		{21AF84A5-1BD1-4954-9164-F800A125FAAB}.Release|Any CPU.Build.0 = Release|Any CPU
		{21AF84A5-1BD1-4954-9164-F800A125FAAB}.Release|x64.ActiveCfg = Release|Any CPU
		{21AF84A5-1BD1-4954-9164-F800A125FAAB}.Release|x64.Build.0 = Release|Any CPU
		{21AF84A5-1BD1-4954-9164-F800A125FAAB}.Release|x86.ActiveCfg = Release|Any CPU
		{21AF84A5-1BD1-4954-9164-F800A125FAAB}.Release|x86.Build.0 = Release|Any CPU
		{6AE434E8-4627-4425-9512-6679171C0AFD}.Debug|Any CPU.ActiveCfg = Debug|Any CPU
		{6AE434E8-4627-4425-9512-6679171C0AFD}.Debug|Any CPU.Build.0 = Debug|Any CPU
		{6AE434E8-4627-4425-9512-6679171C0AFD}.Debug|x64.ActiveCfg = Debug|Any CPU
		{6AE434E8-4627-4425-9512-6679171C0AFD}.Debug|x64.Build.0 = Debug|Any CPU
		{6AE434E8-4627-4425-9512-6679171C0AFD}.Debug|x86.ActiveCfg = Debug|Any CPU
		{6AE434E8-4627-4425-9512-6679171C0AFD}.Debug|x86.Build.0 = Debug|Any CPU
		{6AE434E8-4627-4425-9512-6679171C0AFD}.Release|Any CPU.ActiveCfg = Release|Any CPU
		{6AE434E8-4627-4425-9512-6679171C0AFD}.Release|Any CPU.Build.0 = Release|Any CPU
		{6AE434E8-4627-4425-9512-6679171C0AFD}.Release|x64.ActiveCfg = Release|Any CPU
		{6AE434E8-4627-4425-9512-6679171C0AFD}.Release|x64.Build.0 = Release|Any CPU
		{6AE434E8-4627-4425-9512-6679171C0AFD}.Release|x86.ActiveCfg = Release|Any CPU
		{6AE434E8-4627-4425-9512-6679171C0AFD}.Release|x86.Build.0 = Release|Any CPU
		{7E4D2CE3-7AD6-46A3-B8A5-35911E04C1E3}.Debug|Any CPU.ActiveCfg = Debug|Any CPU
		{7E4D2CE3-7AD6-46A3-B8A5-35911E04C1E3}.Debug|Any CPU.Build.0 = Debug|Any CPU
		{7E4D2CE3-7AD6-46A3-B8A5-35911E04C1E3}.Debug|x64.ActiveCfg = Debug|Any CPU
		{7E4D2CE3-7AD6-46A3-B8A5-35911E04C1E3}.Debug|x64.Build.0 = Debug|Any CPU
		{7E4D2CE3-7AD6-46A3-B8A5-35911E04C1E3}.Debug|x86.ActiveCfg = Debug|Any CPU
		{7E4D2CE3-7AD6-46A3-B8A5-35911E04C1E3}.Debug|x86.Build.0 = Debug|Any CPU
		{7E4D2CE3-7AD6-46A3-B8A5-35911E04C1E3}.Release|Any CPU.ActiveCfg = Release|Any CPU
		{7E4D2CE3-7AD6-46A3-B8A5-35911E04C1E3}.Release|Any CPU.Build.0 = Release|Any CPU
		{7E4D2CE3-7AD6-46A3-B8A5-35911E04C1E3}.Release|x64.ActiveCfg = Release|Any CPU
		{7E4D2CE3-7AD6-46A3-B8A5-35911E04C1E3}.Release|x64.Build.0 = Release|Any CPU
		{7E4D2CE3-7AD6-46A3-B8A5-35911E04C1E3}.Release|x86.ActiveCfg = Release|Any CPU
		{7E4D2CE3-7AD6-46A3-B8A5-35911E04C1E3}.Release|x86.Build.0 = Release|Any CPU
		{5F378542-3A21-408E-B5A0-9E715CA86C68}.Debug|Any CPU.ActiveCfg = Debug|Any CPU
		{5F378542-3A21-408E-B5A0-9E715CA86C68}.Debug|Any CPU.Build.0 = Debug|Any CPU
		{5F378542-3A21-408E-B5A0-9E715CA86C68}.Debug|x64.ActiveCfg = Debug|Any CPU
		{5F378542-3A21-408E-B5A0-9E715CA86C68}.Debug|x64.Build.0 = Debug|Any CPU
		{5F378542-3A21-408E-B5A0-9E715CA86C68}.Debug|x86.ActiveCfg = Debug|Any CPU
		{5F378542-3A21-408E-B5A0-9E715CA86C68}.Debug|x86.Build.0 = Debug|Any CPU
		{5F378542-3A21-408E-B5A0-9E715CA86C68}.Release|Any CPU.ActiveCfg = Release|Any CPU
		{5F378542-3A21-408E-B5A0-9E715CA86C68}.Release|Any CPU.Build.0 = Release|Any CPU
		{5F378542-3A21-408E-B5A0-9E715CA86C68}.Release|x64.ActiveCfg = Release|Any CPU
		{5F378542-3A21-408E-B5A0-9E715CA86C68}.Release|x64.Build.0 = Release|Any CPU
		{5F378542-3A21-408E-B5A0-9E715CA86C68}.Release|x86.ActiveCfg = Release|Any CPU
		{5F378542-3A21-408E-B5A0-9E715CA86C68}.Release|x86.Build.0 = Release|Any CPU
		{005854C5-2931-3EAD-A30A-8F54A1C74C7C}.Debug|Any CPU.ActiveCfg = Debug|Any CPU
		{005854C5-2931-3EAD-A30A-8F54A1C74C7C}.Debug|Any CPU.Build.0 = Debug|Any CPU
		{005854C5-2931-3EAD-A30A-8F54A1C74C7C}.Debug|x64.ActiveCfg = Debug|Any CPU
		{005854C5-2931-3EAD-A30A-8F54A1C74C7C}.Debug|x64.Build.0 = Debug|Any CPU
		{005854C5-2931-3EAD-A30A-8F54A1C74C7C}.Debug|x86.ActiveCfg = Debug|Any CPU
		{005854C5-2931-3EAD-A30A-8F54A1C74C7C}.Debug|x86.Build.0 = Debug|Any CPU
		{005854C5-2931-3EAD-A30A-8F54A1C74C7C}.Release|Any CPU.ActiveCfg = Release|Any CPU
		{005854C5-2931-3EAD-A30A-8F54A1C74C7C}.Release|Any CPU.Build.0 = Release|Any CPU
		{005854C5-2931-3EAD-A30A-8F54A1C74C7C}.Release|x64.ActiveCfg = Release|Any CPU
		{005854C5-2931-3EAD-A30A-8F54A1C74C7C}.Release|x64.Build.0 = Release|Any CPU
		{005854C5-2931-3EAD-A30A-8F54A1C74C7C}.Release|x86.ActiveCfg = Release|Any CPU
		{005854C5-2931-3EAD-A30A-8F54A1C74C7C}.Release|x86.Build.0 = Release|Any CPU
		{5A359578-17D6-2C1B-E16E-CD42023724E7}.Debug|Any CPU.ActiveCfg = Debug|Any CPU
		{5A359578-17D6-2C1B-E16E-CD42023724E7}.Debug|Any CPU.Build.0 = Debug|Any CPU
		{5A359578-17D6-2C1B-E16E-CD42023724E7}.Debug|x64.ActiveCfg = Debug|Any CPU
		{5A359578-17D6-2C1B-E16E-CD42023724E7}.Debug|x64.Build.0 = Debug|Any CPU
		{5A359578-17D6-2C1B-E16E-CD42023724E7}.Debug|x86.ActiveCfg = Debug|Any CPU
		{5A359578-17D6-2C1B-E16E-CD42023724E7}.Debug|x86.Build.0 = Debug|Any CPU
		{5A359578-17D6-2C1B-E16E-CD42023724E7}.Release|Any CPU.ActiveCfg = Release|Any CPU
		{5A359578-17D6-2C1B-E16E-CD42023724E7}.Release|Any CPU.Build.0 = Release|Any CPU
		{5A359578-17D6-2C1B-E16E-CD42023724E7}.Release|x64.ActiveCfg = Release|Any CPU
		{5A359578-17D6-2C1B-E16E-CD42023724E7}.Release|x64.Build.0 = Release|Any CPU
		{5A359578-17D6-2C1B-E16E-CD42023724E7}.Release|x86.ActiveCfg = Release|Any CPU
		{5A359578-17D6-2C1B-E16E-CD42023724E7}.Release|x86.Build.0 = Release|Any CPU
		{1E9EB239-8E54-3E92-4B53-CDC773ACBBFD}.Debug|Any CPU.ActiveCfg = Debug|Any CPU
		{1E9EB239-8E54-3E92-4B53-CDC773ACBBFD}.Debug|Any CPU.Build.0 = Debug|Any CPU
		{1E9EB239-8E54-3E92-4B53-CDC773ACBBFD}.Debug|x64.ActiveCfg = Debug|Any CPU
		{1E9EB239-8E54-3E92-4B53-CDC773ACBBFD}.Debug|x64.Build.0 = Debug|Any CPU
		{1E9EB239-8E54-3E92-4B53-CDC773ACBBFD}.Debug|x86.ActiveCfg = Debug|Any CPU
		{1E9EB239-8E54-3E92-4B53-CDC773ACBBFD}.Debug|x86.Build.0 = Debug|Any CPU
		{1E9EB239-8E54-3E92-4B53-CDC773ACBBFD}.Release|Any CPU.ActiveCfg = Release|Any CPU
		{1E9EB239-8E54-3E92-4B53-CDC773ACBBFD}.Release|Any CPU.Build.0 = Release|Any CPU
		{1E9EB239-8E54-3E92-4B53-CDC773ACBBFD}.Release|x64.ActiveCfg = Release|Any CPU
		{1E9EB239-8E54-3E92-4B53-CDC773ACBBFD}.Release|x64.Build.0 = Release|Any CPU
		{1E9EB239-8E54-3E92-4B53-CDC773ACBBFD}.Release|x86.ActiveCfg = Release|Any CPU
		{1E9EB239-8E54-3E92-4B53-CDC773ACBBFD}.Release|x86.Build.0 = Release|Any CPU
		{EA3A2E3B-6932-CFA0-0785-7DF2EA4F9CA5}.Debug|Any CPU.ActiveCfg = Debug|Any CPU
		{EA3A2E3B-6932-CFA0-0785-7DF2EA4F9CA5}.Debug|Any CPU.Build.0 = Debug|Any CPU
		{EA3A2E3B-6932-CFA0-0785-7DF2EA4F9CA5}.Debug|x64.ActiveCfg = Debug|Any CPU
		{EA3A2E3B-6932-CFA0-0785-7DF2EA4F9CA5}.Debug|x64.Build.0 = Debug|Any CPU
		{EA3A2E3B-6932-CFA0-0785-7DF2EA4F9CA5}.Debug|x86.ActiveCfg = Debug|Any CPU
		{EA3A2E3B-6932-CFA0-0785-7DF2EA4F9CA5}.Debug|x86.Build.0 = Debug|Any CPU
		{EA3A2E3B-6932-CFA0-0785-7DF2EA4F9CA5}.Release|Any CPU.ActiveCfg = Release|Any CPU
		{EA3A2E3B-6932-CFA0-0785-7DF2EA4F9CA5}.Release|Any CPU.Build.0 = Release|Any CPU
		{EA3A2E3B-6932-CFA0-0785-7DF2EA4F9CA5}.Release|x64.ActiveCfg = Release|Any CPU
		{EA3A2E3B-6932-CFA0-0785-7DF2EA4F9CA5}.Release|x64.Build.0 = Release|Any CPU
		{EA3A2E3B-6932-CFA0-0785-7DF2EA4F9CA5}.Release|x86.ActiveCfg = Release|Any CPU
		{EA3A2E3B-6932-CFA0-0785-7DF2EA4F9CA5}.Release|x86.Build.0 = Release|Any CPU
		{849C28C0-9C74-8645-05BF-93477CD0A15D}.Debug|Any CPU.ActiveCfg = Debug|Any CPU
		{849C28C0-9C74-8645-05BF-93477CD0A15D}.Debug|Any CPU.Build.0 = Debug|Any CPU
		{849C28C0-9C74-8645-05BF-93477CD0A15D}.Debug|x64.ActiveCfg = Debug|Any CPU
		{849C28C0-9C74-8645-05BF-93477CD0A15D}.Debug|x64.Build.0 = Debug|Any CPU
		{849C28C0-9C74-8645-05BF-93477CD0A15D}.Debug|x86.ActiveCfg = Debug|Any CPU
		{849C28C0-9C74-8645-05BF-93477CD0A15D}.Debug|x86.Build.0 = Debug|Any CPU
		{849C28C0-9C74-8645-05BF-93477CD0A15D}.Release|Any CPU.ActiveCfg = Release|Any CPU
		{849C28C0-9C74-8645-05BF-93477CD0A15D}.Release|Any CPU.Build.0 = Release|Any CPU
		{849C28C0-9C74-8645-05BF-93477CD0A15D}.Release|x64.ActiveCfg = Release|Any CPU
		{849C28C0-9C74-8645-05BF-93477CD0A15D}.Release|x64.Build.0 = Release|Any CPU
		{849C28C0-9C74-8645-05BF-93477CD0A15D}.Release|x86.ActiveCfg = Release|Any CPU
		{849C28C0-9C74-8645-05BF-93477CD0A15D}.Release|x86.Build.0 = Release|Any CPU
		{5FE66F92-9258-1461-5968-907EAD4D60E7}.Debug|Any CPU.ActiveCfg = Debug|Any CPU
		{5FE66F92-9258-1461-5968-907EAD4D60E7}.Debug|Any CPU.Build.0 = Debug|Any CPU
		{5FE66F92-9258-1461-5968-907EAD4D60E7}.Debug|x64.ActiveCfg = Debug|Any CPU
		{5FE66F92-9258-1461-5968-907EAD4D60E7}.Debug|x64.Build.0 = Debug|Any CPU
		{5FE66F92-9258-1461-5968-907EAD4D60E7}.Debug|x86.ActiveCfg = Debug|Any CPU
		{5FE66F92-9258-1461-5968-907EAD4D60E7}.Debug|x86.Build.0 = Debug|Any CPU
		{5FE66F92-9258-1461-5968-907EAD4D60E7}.Release|Any CPU.ActiveCfg = Release|Any CPU
		{5FE66F92-9258-1461-5968-907EAD4D60E7}.Release|Any CPU.Build.0 = Release|Any CPU
		{5FE66F92-9258-1461-5968-907EAD4D60E7}.Release|x64.ActiveCfg = Release|Any CPU
		{5FE66F92-9258-1461-5968-907EAD4D60E7}.Release|x64.Build.0 = Release|Any CPU
		{5FE66F92-9258-1461-5968-907EAD4D60E7}.Release|x86.ActiveCfg = Release|Any CPU
		{5FE66F92-9258-1461-5968-907EAD4D60E7}.Release|x86.Build.0 = Release|Any CPU
		{EE20C5AF-A582-4751-5E0B-C1B378FE0920}.Debug|Any CPU.ActiveCfg = Debug|Any CPU
		{EE20C5AF-A582-4751-5E0B-C1B378FE0920}.Debug|Any CPU.Build.0 = Debug|Any CPU
		{EE20C5AF-A582-4751-5E0B-C1B378FE0920}.Debug|x64.ActiveCfg = Debug|Any CPU
		{EE20C5AF-A582-4751-5E0B-C1B378FE0920}.Debug|x64.Build.0 = Debug|Any CPU
		{EE20C5AF-A582-4751-5E0B-C1B378FE0920}.Debug|x86.ActiveCfg = Debug|Any CPU
		{EE20C5AF-A582-4751-5E0B-C1B378FE0920}.Debug|x86.Build.0 = Debug|Any CPU
		{EE20C5AF-A582-4751-5E0B-C1B378FE0920}.Release|Any CPU.ActiveCfg = Release|Any CPU
		{EE20C5AF-A582-4751-5E0B-C1B378FE0920}.Release|Any CPU.Build.0 = Release|Any CPU
		{EE20C5AF-A582-4751-5E0B-C1B378FE0920}.Release|x64.ActiveCfg = Release|Any CPU
		{EE20C5AF-A582-4751-5E0B-C1B378FE0920}.Release|x64.Build.0 = Release|Any CPU
		{EE20C5AF-A582-4751-5E0B-C1B378FE0920}.Release|x86.ActiveCfg = Release|Any CPU
		{EE20C5AF-A582-4751-5E0B-C1B378FE0920}.Release|x86.Build.0 = Release|Any CPU
		{0CC442CD-A4AC-14B0-3F1E-E560ADD7BF0F}.Debug|Any CPU.ActiveCfg = Debug|Any CPU
		{0CC442CD-A4AC-14B0-3F1E-E560ADD7BF0F}.Debug|Any CPU.Build.0 = Debug|Any CPU
		{0CC442CD-A4AC-14B0-3F1E-E560ADD7BF0F}.Debug|x64.ActiveCfg = Debug|Any CPU
		{0CC442CD-A4AC-14B0-3F1E-E560ADD7BF0F}.Debug|x64.Build.0 = Debug|Any CPU
		{0CC442CD-A4AC-14B0-3F1E-E560ADD7BF0F}.Debug|x86.ActiveCfg = Debug|Any CPU
		{0CC442CD-A4AC-14B0-3F1E-E560ADD7BF0F}.Debug|x86.Build.0 = Debug|Any CPU
		{0CC442CD-A4AC-14B0-3F1E-E560ADD7BF0F}.Release|Any CPU.ActiveCfg = Release|Any CPU
		{0CC442CD-A4AC-14B0-3F1E-E560ADD7BF0F}.Release|Any CPU.Build.0 = Release|Any CPU
		{0CC442CD-A4AC-14B0-3F1E-E560ADD7BF0F}.Release|x64.ActiveCfg = Release|Any CPU
		{0CC442CD-A4AC-14B0-3F1E-E560ADD7BF0F}.Release|x64.Build.0 = Release|Any CPU
		{0CC442CD-A4AC-14B0-3F1E-E560ADD7BF0F}.Release|x86.ActiveCfg = Release|Any CPU
		{0CC442CD-A4AC-14B0-3F1E-E560ADD7BF0F}.Release|x86.Build.0 = Release|Any CPU
		{397C3258-C72F-AC0F-386C-2641CC1CC02C}.Debug|Any CPU.ActiveCfg = Debug|Any CPU
		{397C3258-C72F-AC0F-386C-2641CC1CC02C}.Debug|Any CPU.Build.0 = Debug|Any CPU
		{397C3258-C72F-AC0F-386C-2641CC1CC02C}.Debug|x64.ActiveCfg = Debug|Any CPU
		{397C3258-C72F-AC0F-386C-2641CC1CC02C}.Debug|x64.Build.0 = Debug|Any CPU
		{397C3258-C72F-AC0F-386C-2641CC1CC02C}.Debug|x86.ActiveCfg = Debug|Any CPU
		{397C3258-C72F-AC0F-386C-2641CC1CC02C}.Debug|x86.Build.0 = Debug|Any CPU
		{397C3258-C72F-AC0F-386C-2641CC1CC02C}.Release|Any CPU.ActiveCfg = Release|Any CPU
		{397C3258-C72F-AC0F-386C-2641CC1CC02C}.Release|Any CPU.Build.0 = Release|Any CPU
		{397C3258-C72F-AC0F-386C-2641CC1CC02C}.Release|x64.ActiveCfg = Release|Any CPU
		{397C3258-C72F-AC0F-386C-2641CC1CC02C}.Release|x64.Build.0 = Release|Any CPU
		{397C3258-C72F-AC0F-386C-2641CC1CC02C}.Release|x86.ActiveCfg = Release|Any CPU
		{397C3258-C72F-AC0F-386C-2641CC1CC02C}.Release|x86.Build.0 = Release|Any CPU
		{B530F793-3201-8B46-B934-308834BAA2F8}.Debug|Any CPU.ActiveCfg = Debug|Any CPU
		{B530F793-3201-8B46-B934-308834BAA2F8}.Debug|Any CPU.Build.0 = Debug|Any CPU
		{B530F793-3201-8B46-B934-308834BAA2F8}.Debug|x64.ActiveCfg = Debug|Any CPU
		{B530F793-3201-8B46-B934-308834BAA2F8}.Debug|x64.Build.0 = Debug|Any CPU
		{B530F793-3201-8B46-B934-308834BAA2F8}.Debug|x86.ActiveCfg = Debug|Any CPU
		{B530F793-3201-8B46-B934-308834BAA2F8}.Debug|x86.Build.0 = Debug|Any CPU
		{B530F793-3201-8B46-B934-308834BAA2F8}.Release|Any CPU.ActiveCfg = Release|Any CPU
		{B530F793-3201-8B46-B934-308834BAA2F8}.Release|Any CPU.Build.0 = Release|Any CPU
		{B530F793-3201-8B46-B934-308834BAA2F8}.Release|x64.ActiveCfg = Release|Any CPU
		{B530F793-3201-8B46-B934-308834BAA2F8}.Release|x64.Build.0 = Release|Any CPU
		{B530F793-3201-8B46-B934-308834BAA2F8}.Release|x86.ActiveCfg = Release|Any CPU
		{B530F793-3201-8B46-B934-308834BAA2F8}.Release|x86.Build.0 = Release|Any CPU
		{CADD05CF-433E-E924-FB39-BD57B0E52272}.Debug|Any CPU.ActiveCfg = Debug|Any CPU
		{CADD05CF-433E-E924-FB39-BD57B0E52272}.Debug|Any CPU.Build.0 = Debug|Any CPU
		{CADD05CF-433E-E924-FB39-BD57B0E52272}.Debug|x64.ActiveCfg = Debug|Any CPU
		{CADD05CF-433E-E924-FB39-BD57B0E52272}.Debug|x64.Build.0 = Debug|Any CPU
		{CADD05CF-433E-E924-FB39-BD57B0E52272}.Debug|x86.ActiveCfg = Debug|Any CPU
		{CADD05CF-433E-E924-FB39-BD57B0E52272}.Debug|x86.Build.0 = Debug|Any CPU
		{CADD05CF-433E-E924-FB39-BD57B0E52272}.Release|Any CPU.ActiveCfg = Release|Any CPU
		{CADD05CF-433E-E924-FB39-BD57B0E52272}.Release|Any CPU.Build.0 = Release|Any CPU
		{CADD05CF-433E-E924-FB39-BD57B0E52272}.Release|x64.ActiveCfg = Release|Any CPU
		{CADD05CF-433E-E924-FB39-BD57B0E52272}.Release|x64.Build.0 = Release|Any CPU
		{CADD05CF-433E-E924-FB39-BD57B0E52272}.Release|x86.ActiveCfg = Release|Any CPU
		{CADD05CF-433E-E924-FB39-BD57B0E52272}.Release|x86.Build.0 = Release|Any CPU
		{5198D6CF-58FF-9762-5B8B-461D453B97B9}.Debug|Any CPU.ActiveCfg = Debug|Any CPU
		{5198D6CF-58FF-9762-5B8B-461D453B97B9}.Debug|Any CPU.Build.0 = Debug|Any CPU
		{5198D6CF-58FF-9762-5B8B-461D453B97B9}.Debug|x64.ActiveCfg = Debug|Any CPU
		{5198D6CF-58FF-9762-5B8B-461D453B97B9}.Debug|x64.Build.0 = Debug|Any CPU
		{5198D6CF-58FF-9762-5B8B-461D453B97B9}.Debug|x86.ActiveCfg = Debug|Any CPU
		{5198D6CF-58FF-9762-5B8B-461D453B97B9}.Debug|x86.Build.0 = Debug|Any CPU
		{5198D6CF-58FF-9762-5B8B-461D453B97B9}.Release|Any CPU.ActiveCfg = Release|Any CPU
		{5198D6CF-58FF-9762-5B8B-461D453B97B9}.Release|Any CPU.Build.0 = Release|Any CPU
		{5198D6CF-58FF-9762-5B8B-461D453B97B9}.Release|x64.ActiveCfg = Release|Any CPU
		{5198D6CF-58FF-9762-5B8B-461D453B97B9}.Release|x64.Build.0 = Release|Any CPU
		{5198D6CF-58FF-9762-5B8B-461D453B97B9}.Release|x86.ActiveCfg = Release|Any CPU
		{5198D6CF-58FF-9762-5B8B-461D453B97B9}.Release|x86.Build.0 = Release|Any CPU
		{2F858A05-0622-C3C5-B8FB-5AF0B0EF1DDB}.Debug|Any CPU.ActiveCfg = Debug|Any CPU
		{2F858A05-0622-C3C5-B8FB-5AF0B0EF1DDB}.Debug|Any CPU.Build.0 = Debug|Any CPU
		{2F858A05-0622-C3C5-B8FB-5AF0B0EF1DDB}.Debug|x64.ActiveCfg = Debug|Any CPU
		{2F858A05-0622-C3C5-B8FB-5AF0B0EF1DDB}.Debug|x64.Build.0 = Debug|Any CPU
		{2F858A05-0622-C3C5-B8FB-5AF0B0EF1DDB}.Debug|x86.ActiveCfg = Debug|Any CPU
		{2F858A05-0622-C3C5-B8FB-5AF0B0EF1DDB}.Debug|x86.Build.0 = Debug|Any CPU
		{2F858A05-0622-C3C5-B8FB-5AF0B0EF1DDB}.Release|Any CPU.ActiveCfg = Release|Any CPU
		{2F858A05-0622-C3C5-B8FB-5AF0B0EF1DDB}.Release|Any CPU.Build.0 = Release|Any CPU
		{2F858A05-0622-C3C5-B8FB-5AF0B0EF1DDB}.Release|x64.ActiveCfg = Release|Any CPU
		{2F858A05-0622-C3C5-B8FB-5AF0B0EF1DDB}.Release|x64.Build.0 = Release|Any CPU
		{2F858A05-0622-C3C5-B8FB-5AF0B0EF1DDB}.Release|x86.ActiveCfg = Release|Any CPU
		{2F858A05-0622-C3C5-B8FB-5AF0B0EF1DDB}.Release|x86.Build.0 = Release|Any CPU
		{262F71BF-AEB6-F9C2-CD27-B39374A7C412}.Debug|Any CPU.ActiveCfg = Debug|Any CPU
		{262F71BF-AEB6-F9C2-CD27-B39374A7C412}.Debug|Any CPU.Build.0 = Debug|Any CPU
		{262F71BF-AEB6-F9C2-CD27-B39374A7C412}.Debug|x64.ActiveCfg = Debug|Any CPU
		{262F71BF-AEB6-F9C2-CD27-B39374A7C412}.Debug|x64.Build.0 = Debug|Any CPU
		{262F71BF-AEB6-F9C2-CD27-B39374A7C412}.Debug|x86.ActiveCfg = Debug|Any CPU
		{262F71BF-AEB6-F9C2-CD27-B39374A7C412}.Debug|x86.Build.0 = Debug|Any CPU
		{262F71BF-AEB6-F9C2-CD27-B39374A7C412}.Release|Any CPU.ActiveCfg = Release|Any CPU
		{262F71BF-AEB6-F9C2-CD27-B39374A7C412}.Release|Any CPU.Build.0 = Release|Any CPU
		{262F71BF-AEB6-F9C2-CD27-B39374A7C412}.Release|x64.ActiveCfg = Release|Any CPU
		{262F71BF-AEB6-F9C2-CD27-B39374A7C412}.Release|x64.Build.0 = Release|Any CPU
		{262F71BF-AEB6-F9C2-CD27-B39374A7C412}.Release|x86.ActiveCfg = Release|Any CPU
		{262F71BF-AEB6-F9C2-CD27-B39374A7C412}.Release|x86.Build.0 = Release|Any CPU
		{2B43B909-4202-E15E-F28E-53C6ED2E4696}.Debug|Any CPU.ActiveCfg = Debug|Any CPU
		{2B43B909-4202-E15E-F28E-53C6ED2E4696}.Debug|Any CPU.Build.0 = Debug|Any CPU
		{2B43B909-4202-E15E-F28E-53C6ED2E4696}.Debug|x64.ActiveCfg = Debug|Any CPU
		{2B43B909-4202-E15E-F28E-53C6ED2E4696}.Debug|x64.Build.0 = Debug|Any CPU
		{2B43B909-4202-E15E-F28E-53C6ED2E4696}.Debug|x86.ActiveCfg = Debug|Any CPU
		{2B43B909-4202-E15E-F28E-53C6ED2E4696}.Debug|x86.Build.0 = Debug|Any CPU
		{2B43B909-4202-E15E-F28E-53C6ED2E4696}.Release|Any CPU.ActiveCfg = Release|Any CPU
		{2B43B909-4202-E15E-F28E-53C6ED2E4696}.Release|Any CPU.Build.0 = Release|Any CPU
		{2B43B909-4202-E15E-F28E-53C6ED2E4696}.Release|x64.ActiveCfg = Release|Any CPU
		{2B43B909-4202-E15E-F28E-53C6ED2E4696}.Release|x64.Build.0 = Release|Any CPU
		{2B43B909-4202-E15E-F28E-53C6ED2E4696}.Release|x86.ActiveCfg = Release|Any CPU
		{2B43B909-4202-E15E-F28E-53C6ED2E4696}.Release|x86.Build.0 = Release|Any CPU
		{8D0754C2-9CA4-EF79-D5B7-54785592F1EF}.Debug|Any CPU.ActiveCfg = Debug|Any CPU
		{8D0754C2-9CA4-EF79-D5B7-54785592F1EF}.Debug|Any CPU.Build.0 = Debug|Any CPU
		{8D0754C2-9CA4-EF79-D5B7-54785592F1EF}.Debug|x64.ActiveCfg = Debug|Any CPU
		{8D0754C2-9CA4-EF79-D5B7-54785592F1EF}.Debug|x64.Build.0 = Debug|Any CPU
		{8D0754C2-9CA4-EF79-D5B7-54785592F1EF}.Debug|x86.ActiveCfg = Debug|Any CPU
		{8D0754C2-9CA4-EF79-D5B7-54785592F1EF}.Debug|x86.Build.0 = Debug|Any CPU
		{8D0754C2-9CA4-EF79-D5B7-54785592F1EF}.Release|Any CPU.ActiveCfg = Release|Any CPU
		{8D0754C2-9CA4-EF79-D5B7-54785592F1EF}.Release|Any CPU.Build.0 = Release|Any CPU
		{8D0754C2-9CA4-EF79-D5B7-54785592F1EF}.Release|x64.ActiveCfg = Release|Any CPU
		{8D0754C2-9CA4-EF79-D5B7-54785592F1EF}.Release|x64.Build.0 = Release|Any CPU
		{8D0754C2-9CA4-EF79-D5B7-54785592F1EF}.Release|x86.ActiveCfg = Release|Any CPU
		{8D0754C2-9CA4-EF79-D5B7-54785592F1EF}.Release|x86.Build.0 = Release|Any CPU
		{53FA6665-8D85-2BFC-4A2F-DD07AE4E06FD}.Debug|Any CPU.ActiveCfg = Debug|Any CPU
		{53FA6665-8D85-2BFC-4A2F-DD07AE4E06FD}.Debug|Any CPU.Build.0 = Debug|Any CPU
		{53FA6665-8D85-2BFC-4A2F-DD07AE4E06FD}.Debug|x64.ActiveCfg = Debug|Any CPU
		{53FA6665-8D85-2BFC-4A2F-DD07AE4E06FD}.Debug|x64.Build.0 = Debug|Any CPU
		{53FA6665-8D85-2BFC-4A2F-DD07AE4E06FD}.Debug|x86.ActiveCfg = Debug|Any CPU
		{53FA6665-8D85-2BFC-4A2F-DD07AE4E06FD}.Debug|x86.Build.0 = Debug|Any CPU
		{53FA6665-8D85-2BFC-4A2F-DD07AE4E06FD}.Release|Any CPU.ActiveCfg = Release|Any CPU
		{53FA6665-8D85-2BFC-4A2F-DD07AE4E06FD}.Release|Any CPU.Build.0 = Release|Any CPU
		{53FA6665-8D85-2BFC-4A2F-DD07AE4E06FD}.Release|x64.ActiveCfg = Release|Any CPU
		{53FA6665-8D85-2BFC-4A2F-DD07AE4E06FD}.Release|x64.Build.0 = Release|Any CPU
		{53FA6665-8D85-2BFC-4A2F-DD07AE4E06FD}.Release|x86.ActiveCfg = Release|Any CPU
		{53FA6665-8D85-2BFC-4A2F-DD07AE4E06FD}.Release|x86.Build.0 = Release|Any CPU
		{9816CFC8-D0FE-76EC-2069-D388CB005196}.Debug|Any CPU.ActiveCfg = Debug|Any CPU
		{9816CFC8-D0FE-76EC-2069-D388CB005196}.Debug|Any CPU.Build.0 = Debug|Any CPU
		{9816CFC8-D0FE-76EC-2069-D388CB005196}.Debug|x64.ActiveCfg = Debug|Any CPU
		{9816CFC8-D0FE-76EC-2069-D388CB005196}.Debug|x64.Build.0 = Debug|Any CPU
		{9816CFC8-D0FE-76EC-2069-D388CB005196}.Debug|x86.ActiveCfg = Debug|Any CPU
		{9816CFC8-D0FE-76EC-2069-D388CB005196}.Debug|x86.Build.0 = Debug|Any CPU
		{9816CFC8-D0FE-76EC-2069-D388CB005196}.Release|Any CPU.ActiveCfg = Release|Any CPU
		{9816CFC8-D0FE-76EC-2069-D388CB005196}.Release|Any CPU.Build.0 = Release|Any CPU
		{9816CFC8-D0FE-76EC-2069-D388CB005196}.Release|x64.ActiveCfg = Release|Any CPU
		{9816CFC8-D0FE-76EC-2069-D388CB005196}.Release|x64.Build.0 = Release|Any CPU
		{9816CFC8-D0FE-76EC-2069-D388CB005196}.Release|x86.ActiveCfg = Release|Any CPU
		{9816CFC8-D0FE-76EC-2069-D388CB005196}.Release|x86.Build.0 = Release|Any CPU
		{D852C12A-A741-A693-7513-6DD739C7E86B}.Debug|Any CPU.ActiveCfg = Debug|Any CPU
		{D852C12A-A741-A693-7513-6DD739C7E86B}.Debug|Any CPU.Build.0 = Debug|Any CPU
		{D852C12A-A741-A693-7513-6DD739C7E86B}.Debug|x64.ActiveCfg = Debug|Any CPU
		{D852C12A-A741-A693-7513-6DD739C7E86B}.Debug|x64.Build.0 = Debug|Any CPU
		{D852C12A-A741-A693-7513-6DD739C7E86B}.Debug|x86.ActiveCfg = Debug|Any CPU
		{D852C12A-A741-A693-7513-6DD739C7E86B}.Debug|x86.Build.0 = Debug|Any CPU
		{D852C12A-A741-A693-7513-6DD739C7E86B}.Release|Any CPU.ActiveCfg = Release|Any CPU
		{D852C12A-A741-A693-7513-6DD739C7E86B}.Release|Any CPU.Build.0 = Release|Any CPU
		{D852C12A-A741-A693-7513-6DD739C7E86B}.Release|x64.ActiveCfg = Release|Any CPU
		{D852C12A-A741-A693-7513-6DD739C7E86B}.Release|x64.Build.0 = Release|Any CPU
		{D852C12A-A741-A693-7513-6DD739C7E86B}.Release|x86.ActiveCfg = Release|Any CPU
		{D852C12A-A741-A693-7513-6DD739C7E86B}.Release|x86.Build.0 = Release|Any CPU
		{AE512FA1-F958-2CF6-B15E-322064CDC3EE}.Debug|Any CPU.ActiveCfg = Debug|Any CPU
		{AE512FA1-F958-2CF6-B15E-322064CDC3EE}.Debug|Any CPU.Build.0 = Debug|Any CPU
		{AE512FA1-F958-2CF6-B15E-322064CDC3EE}.Debug|x64.ActiveCfg = Debug|Any CPU
		{AE512FA1-F958-2CF6-B15E-322064CDC3EE}.Debug|x64.Build.0 = Debug|Any CPU
		{AE512FA1-F958-2CF6-B15E-322064CDC3EE}.Debug|x86.ActiveCfg = Debug|Any CPU
		{AE512FA1-F958-2CF6-B15E-322064CDC3EE}.Debug|x86.Build.0 = Debug|Any CPU
		{AE512FA1-F958-2CF6-B15E-322064CDC3EE}.Release|Any CPU.ActiveCfg = Release|Any CPU
		{AE512FA1-F958-2CF6-B15E-322064CDC3EE}.Release|Any CPU.Build.0 = Release|Any CPU
		{AE512FA1-F958-2CF6-B15E-322064CDC3EE}.Release|x64.ActiveCfg = Release|Any CPU
		{AE512FA1-F958-2CF6-B15E-322064CDC3EE}.Release|x64.Build.0 = Release|Any CPU
		{AE512FA1-F958-2CF6-B15E-322064CDC3EE}.Release|x86.ActiveCfg = Release|Any CPU
		{AE512FA1-F958-2CF6-B15E-322064CDC3EE}.Release|x86.Build.0 = Release|Any CPU
		{A1302878-1EBB-CBC1-DF06-E504CCA3D4BB}.Debug|Any CPU.ActiveCfg = Debug|Any CPU
		{A1302878-1EBB-CBC1-DF06-E504CCA3D4BB}.Debug|Any CPU.Build.0 = Debug|Any CPU
		{A1302878-1EBB-CBC1-DF06-E504CCA3D4BB}.Debug|x64.ActiveCfg = Debug|Any CPU
		{A1302878-1EBB-CBC1-DF06-E504CCA3D4BB}.Debug|x64.Build.0 = Debug|Any CPU
		{A1302878-1EBB-CBC1-DF06-E504CCA3D4BB}.Debug|x86.ActiveCfg = Debug|Any CPU
		{A1302878-1EBB-CBC1-DF06-E504CCA3D4BB}.Debug|x86.Build.0 = Debug|Any CPU
		{A1302878-1EBB-CBC1-DF06-E504CCA3D4BB}.Release|Any CPU.ActiveCfg = Release|Any CPU
		{A1302878-1EBB-CBC1-DF06-E504CCA3D4BB}.Release|Any CPU.Build.0 = Release|Any CPU
		{A1302878-1EBB-CBC1-DF06-E504CCA3D4BB}.Release|x64.ActiveCfg = Release|Any CPU
		{A1302878-1EBB-CBC1-DF06-E504CCA3D4BB}.Release|x64.Build.0 = Release|Any CPU
		{A1302878-1EBB-CBC1-DF06-E504CCA3D4BB}.Release|x86.ActiveCfg = Release|Any CPU
		{A1302878-1EBB-CBC1-DF06-E504CCA3D4BB}.Release|x86.Build.0 = Release|Any CPU
		{CC903F57-EC01-068A-3387-1C639FA225BF}.Debug|Any CPU.ActiveCfg = Debug|Any CPU
		{CC903F57-EC01-068A-3387-1C639FA225BF}.Debug|Any CPU.Build.0 = Debug|Any CPU
		{CC903F57-EC01-068A-3387-1C639FA225BF}.Debug|x64.ActiveCfg = Debug|Any CPU
		{CC903F57-EC01-068A-3387-1C639FA225BF}.Debug|x64.Build.0 = Debug|Any CPU
		{CC903F57-EC01-068A-3387-1C639FA225BF}.Debug|x86.ActiveCfg = Debug|Any CPU
		{CC903F57-EC01-068A-3387-1C639FA225BF}.Debug|x86.Build.0 = Debug|Any CPU
		{CC903F57-EC01-068A-3387-1C639FA225BF}.Release|Any CPU.ActiveCfg = Release|Any CPU
		{CC903F57-EC01-068A-3387-1C639FA225BF}.Release|Any CPU.Build.0 = Release|Any CPU
		{CC903F57-EC01-068A-3387-1C639FA225BF}.Release|x64.ActiveCfg = Release|Any CPU
		{CC903F57-EC01-068A-3387-1C639FA225BF}.Release|x64.Build.0 = Release|Any CPU
		{CC903F57-EC01-068A-3387-1C639FA225BF}.Release|x86.ActiveCfg = Release|Any CPU
		{CC903F57-EC01-068A-3387-1C639FA225BF}.Release|x86.Build.0 = Release|Any CPU
		{F193EA3E-B6F4-D847-4705-A2368DF768C5}.Debug|Any CPU.ActiveCfg = Debug|Any CPU
		{F193EA3E-B6F4-D847-4705-A2368DF768C5}.Debug|Any CPU.Build.0 = Debug|Any CPU
		{F193EA3E-B6F4-D847-4705-A2368DF768C5}.Debug|x64.ActiveCfg = Debug|Any CPU
		{F193EA3E-B6F4-D847-4705-A2368DF768C5}.Debug|x64.Build.0 = Debug|Any CPU
		{F193EA3E-B6F4-D847-4705-A2368DF768C5}.Debug|x86.ActiveCfg = Debug|Any CPU
		{F193EA3E-B6F4-D847-4705-A2368DF768C5}.Debug|x86.Build.0 = Debug|Any CPU
		{F193EA3E-B6F4-D847-4705-A2368DF768C5}.Release|Any CPU.ActiveCfg = Release|Any CPU
		{F193EA3E-B6F4-D847-4705-A2368DF768C5}.Release|Any CPU.Build.0 = Release|Any CPU
		{F193EA3E-B6F4-D847-4705-A2368DF768C5}.Release|x64.ActiveCfg = Release|Any CPU
		{F193EA3E-B6F4-D847-4705-A2368DF768C5}.Release|x64.Build.0 = Release|Any CPU
		{F193EA3E-B6F4-D847-4705-A2368DF768C5}.Release|x86.ActiveCfg = Release|Any CPU
		{F193EA3E-B6F4-D847-4705-A2368DF768C5}.Release|x86.Build.0 = Release|Any CPU
		{3E09CC44-9844-0958-E80E-8C9D0855672A}.Debug|Any CPU.ActiveCfg = Debug|Any CPU
		{3E09CC44-9844-0958-E80E-8C9D0855672A}.Debug|Any CPU.Build.0 = Debug|Any CPU
		{3E09CC44-9844-0958-E80E-8C9D0855672A}.Debug|x64.ActiveCfg = Debug|Any CPU
		{3E09CC44-9844-0958-E80E-8C9D0855672A}.Debug|x64.Build.0 = Debug|Any CPU
		{3E09CC44-9844-0958-E80E-8C9D0855672A}.Debug|x86.ActiveCfg = Debug|Any CPU
		{3E09CC44-9844-0958-E80E-8C9D0855672A}.Debug|x86.Build.0 = Debug|Any CPU
		{3E09CC44-9844-0958-E80E-8C9D0855672A}.Release|Any CPU.ActiveCfg = Release|Any CPU
		{3E09CC44-9844-0958-E80E-8C9D0855672A}.Release|Any CPU.Build.0 = Release|Any CPU
		{3E09CC44-9844-0958-E80E-8C9D0855672A}.Release|x64.ActiveCfg = Release|Any CPU
		{3E09CC44-9844-0958-E80E-8C9D0855672A}.Release|x64.Build.0 = Release|Any CPU
		{3E09CC44-9844-0958-E80E-8C9D0855672A}.Release|x86.ActiveCfg = Release|Any CPU
		{3E09CC44-9844-0958-E80E-8C9D0855672A}.Release|x86.Build.0 = Release|Any CPU
		{6631FE80-69DA-3D28-224D-C558D679904F}.Debug|Any CPU.ActiveCfg = Debug|Any CPU
		{6631FE80-69DA-3D28-224D-C558D679904F}.Debug|Any CPU.Build.0 = Debug|Any CPU
		{6631FE80-69DA-3D28-224D-C558D679904F}.Debug|x64.ActiveCfg = Debug|Any CPU
		{6631FE80-69DA-3D28-224D-C558D679904F}.Debug|x64.Build.0 = Debug|Any CPU
		{6631FE80-69DA-3D28-224D-C558D679904F}.Debug|x86.ActiveCfg = Debug|Any CPU
		{6631FE80-69DA-3D28-224D-C558D679904F}.Debug|x86.Build.0 = Debug|Any CPU
		{6631FE80-69DA-3D28-224D-C558D679904F}.Release|Any CPU.ActiveCfg = Release|Any CPU
		{6631FE80-69DA-3D28-224D-C558D679904F}.Release|Any CPU.Build.0 = Release|Any CPU
		{6631FE80-69DA-3D28-224D-C558D679904F}.Release|x64.ActiveCfg = Release|Any CPU
		{6631FE80-69DA-3D28-224D-C558D679904F}.Release|x64.Build.0 = Release|Any CPU
		{6631FE80-69DA-3D28-224D-C558D679904F}.Release|x86.ActiveCfg = Release|Any CPU
		{6631FE80-69DA-3D28-224D-C558D679904F}.Release|x86.Build.0 = Release|Any CPU
		{DAF1125A-FFDA-BBB6-426E-49F51237C8F2}.Debug|Any CPU.ActiveCfg = Debug|Any CPU
		{DAF1125A-FFDA-BBB6-426E-49F51237C8F2}.Debug|Any CPU.Build.0 = Debug|Any CPU
		{DAF1125A-FFDA-BBB6-426E-49F51237C8F2}.Debug|x64.ActiveCfg = Debug|Any CPU
		{DAF1125A-FFDA-BBB6-426E-49F51237C8F2}.Debug|x64.Build.0 = Debug|Any CPU
		{DAF1125A-FFDA-BBB6-426E-49F51237C8F2}.Debug|x86.ActiveCfg = Debug|Any CPU
		{DAF1125A-FFDA-BBB6-426E-49F51237C8F2}.Debug|x86.Build.0 = Debug|Any CPU
		{DAF1125A-FFDA-BBB6-426E-49F51237C8F2}.Release|Any CPU.ActiveCfg = Release|Any CPU
		{DAF1125A-FFDA-BBB6-426E-49F51237C8F2}.Release|Any CPU.Build.0 = Release|Any CPU
		{DAF1125A-FFDA-BBB6-426E-49F51237C8F2}.Release|x64.ActiveCfg = Release|Any CPU
		{DAF1125A-FFDA-BBB6-426E-49F51237C8F2}.Release|x64.Build.0 = Release|Any CPU
		{DAF1125A-FFDA-BBB6-426E-49F51237C8F2}.Release|x86.ActiveCfg = Release|Any CPU
		{DAF1125A-FFDA-BBB6-426E-49F51237C8F2}.Release|x86.Build.0 = Release|Any CPU
		{AE7B93E8-E673-87EC-065E-E4067648344C}.Debug|Any CPU.ActiveCfg = Debug|Any CPU
		{AE7B93E8-E673-87EC-065E-E4067648344C}.Debug|Any CPU.Build.0 = Debug|Any CPU
		{AE7B93E8-E673-87EC-065E-E4067648344C}.Debug|x64.ActiveCfg = Debug|Any CPU
		{AE7B93E8-E673-87EC-065E-E4067648344C}.Debug|x64.Build.0 = Debug|Any CPU
		{AE7B93E8-E673-87EC-065E-E4067648344C}.Debug|x86.ActiveCfg = Debug|Any CPU
		{AE7B93E8-E673-87EC-065E-E4067648344C}.Debug|x86.Build.0 = Debug|Any CPU
		{AE7B93E8-E673-87EC-065E-E4067648344C}.Release|Any CPU.ActiveCfg = Release|Any CPU
		{AE7B93E8-E673-87EC-065E-E4067648344C}.Release|Any CPU.Build.0 = Release|Any CPU
		{AE7B93E8-E673-87EC-065E-E4067648344C}.Release|x64.ActiveCfg = Release|Any CPU
		{AE7B93E8-E673-87EC-065E-E4067648344C}.Release|x64.Build.0 = Release|Any CPU
		{AE7B93E8-E673-87EC-065E-E4067648344C}.Release|x86.ActiveCfg = Release|Any CPU
		{AE7B93E8-E673-87EC-065E-E4067648344C}.Release|x86.Build.0 = Release|Any CPU
		{F83A5AEC-03B9-3A5D-6B14-E18BC97D65F6}.Debug|Any CPU.ActiveCfg = Debug|Any CPU
		{F83A5AEC-03B9-3A5D-6B14-E18BC97D65F6}.Debug|Any CPU.Build.0 = Debug|Any CPU
		{F83A5AEC-03B9-3A5D-6B14-E18BC97D65F6}.Debug|x64.ActiveCfg = Debug|Any CPU
		{F83A5AEC-03B9-3A5D-6B14-E18BC97D65F6}.Debug|x64.Build.0 = Debug|Any CPU
		{F83A5AEC-03B9-3A5D-6B14-E18BC97D65F6}.Debug|x86.ActiveCfg = Debug|Any CPU
		{F83A5AEC-03B9-3A5D-6B14-E18BC97D65F6}.Debug|x86.Build.0 = Debug|Any CPU
		{F83A5AEC-03B9-3A5D-6B14-E18BC97D65F6}.Release|Any CPU.ActiveCfg = Release|Any CPU
		{F83A5AEC-03B9-3A5D-6B14-E18BC97D65F6}.Release|Any CPU.Build.0 = Release|Any CPU
		{F83A5AEC-03B9-3A5D-6B14-E18BC97D65F6}.Release|x64.ActiveCfg = Release|Any CPU
		{F83A5AEC-03B9-3A5D-6B14-E18BC97D65F6}.Release|x64.Build.0 = Release|Any CPU
		{F83A5AEC-03B9-3A5D-6B14-E18BC97D65F6}.Release|x86.ActiveCfg = Release|Any CPU
		{F83A5AEC-03B9-3A5D-6B14-E18BC97D65F6}.Release|x86.Build.0 = Release|Any CPU
		{E24B8222-DA6B-42BC-80D9-797FAC05C2EA}.Debug|Any CPU.ActiveCfg = Debug|Any CPU
		{E24B8222-DA6B-42BC-80D9-797FAC05C2EA}.Debug|Any CPU.Build.0 = Debug|Any CPU
		{E24B8222-DA6B-42BC-80D9-797FAC05C2EA}.Debug|x64.ActiveCfg = Debug|Any CPU
		{E24B8222-DA6B-42BC-80D9-797FAC05C2EA}.Debug|x64.Build.0 = Debug|Any CPU
		{E24B8222-DA6B-42BC-80D9-797FAC05C2EA}.Debug|x86.ActiveCfg = Debug|Any CPU
		{E24B8222-DA6B-42BC-80D9-797FAC05C2EA}.Debug|x86.Build.0 = Debug|Any CPU
		{E24B8222-DA6B-42BC-80D9-797FAC05C2EA}.Release|Any CPU.ActiveCfg = Release|Any CPU
		{E24B8222-DA6B-42BC-80D9-797FAC05C2EA}.Release|Any CPU.Build.0 = Release|Any CPU
		{E24B8222-DA6B-42BC-80D9-797FAC05C2EA}.Release|x64.ActiveCfg = Release|Any CPU
		{E24B8222-DA6B-42BC-80D9-797FAC05C2EA}.Release|x64.Build.0 = Release|Any CPU
		{E24B8222-DA6B-42BC-80D9-797FAC05C2EA}.Release|x86.ActiveCfg = Release|Any CPU
		{E24B8222-DA6B-42BC-80D9-797FAC05C2EA}.Release|x86.Build.0 = Release|Any CPU
		{A68818F5-9204-4DFF-A7D3-29E540F71D17}.Debug|Any CPU.ActiveCfg = Debug|Any CPU
		{A68818F5-9204-4DFF-A7D3-29E540F71D17}.Debug|Any CPU.Build.0 = Debug|Any CPU
		{A68818F5-9204-4DFF-A7D3-29E540F71D17}.Debug|x64.ActiveCfg = Debug|Any CPU
		{A68818F5-9204-4DFF-A7D3-29E540F71D17}.Debug|x64.Build.0 = Debug|Any CPU
		{A68818F5-9204-4DFF-A7D3-29E540F71D17}.Debug|x86.ActiveCfg = Debug|Any CPU
		{A68818F5-9204-4DFF-A7D3-29E540F71D17}.Debug|x86.Build.0 = Debug|Any CPU
		{A68818F5-9204-4DFF-A7D3-29E540F71D17}.Release|Any CPU.ActiveCfg = Release|Any CPU
		{A68818F5-9204-4DFF-A7D3-29E540F71D17}.Release|Any CPU.Build.0 = Release|Any CPU
		{A68818F5-9204-4DFF-A7D3-29E540F71D17}.Release|x64.ActiveCfg = Release|Any CPU
		{A68818F5-9204-4DFF-A7D3-29E540F71D17}.Release|x64.Build.0 = Release|Any CPU
		{A68818F5-9204-4DFF-A7D3-29E540F71D17}.Release|x86.ActiveCfg = Release|Any CPU
		{A68818F5-9204-4DFF-A7D3-29E540F71D17}.Release|x86.Build.0 = Release|Any CPU
	EndGlobalSection
	GlobalSection(SolutionProperties) = preSolution
		HideSolutionNode = FALSE
	EndGlobalSection
	GlobalSection(NestedProjects) = preSolution
		{554AD327-6DBA-4F8F-96F8-81CE7A0C863F} = {CA9AC87F-097E-4F15-8393-4BC07735A5B0}
		{1A94A50E-06DC-43C1-80B5-B662820EC3EB} = {CA9AC87F-097E-4F15-8393-4BC07735A5B0}
		{C956DD76-69C8-4A9C-83EA-D17DF83340FD} = {CA9AC87F-097E-4F15-8393-4BC07735A5B0}
		{42F719ED-8413-4895-B5B4-5AB56079BC66} = {CA9AC87F-097E-4F15-8393-4BC07735A5B0}
		{520659C8-C734-4298-A3DA-B539DB9DFC0B} = {CA9AC87F-097E-4F15-8393-4BC07735A5B0}
		{4164BDF7-F527-4E85-9CE6-E3C2D7426A27} = {CA9AC87F-097E-4F15-8393-4BC07735A5B0}
		{3B5A0094-670D-4BB1-BFDD-61B88A8773DC} = {CA9AC87F-097E-4F15-8393-4BC07735A5B0}
		{70680696-BB1E-4383-BCB2-42C3767171FB} = {CA9AC87F-097E-4F15-8393-4BC07735A5B0}
		{96E5259E-59A3-4FAF-BCD1-5BF8E74EF82C} = {CA9AC87F-097E-4F15-8393-4BC07735A5B0}
		{21AF84A5-1BD1-4954-9164-F800A125FAAB} = {B91A47D2-C263-5038-41EB-7F1393D47ED0}
		{6AE434E8-4627-4425-9512-6679171C0AFD} = {B91A47D2-C263-5038-41EB-7F1393D47ED0}
		{7E4D2CE3-7AD6-46A3-B8A5-35911E04C1E3} = {B91A47D2-C263-5038-41EB-7F1393D47ED0}
		{5F378542-3A21-408E-B5A0-9E715CA86C68} = {B91A47D2-C263-5038-41EB-7F1393D47ED0}
		{5CED4043-E2EC-49E9-BC00-6A60BE93C81D} = {02EA681E-C7D8-13C7-8484-4AC65E1B71E8}
		{005854C5-2931-3EAD-A30A-8F54A1C74C7C} = {5CED4043-E2EC-49E9-BC00-6A60BE93C81D}
		{5A359578-17D6-2C1B-E16E-CD42023724E7} = {5CED4043-E2EC-49E9-BC00-6A60BE93C81D}
		{1E9EB239-8E54-3E92-4B53-CDC773ACBBFD} = {5CED4043-E2EC-49E9-BC00-6A60BE93C81D}
		{EA3A2E3B-6932-CFA0-0785-7DF2EA4F9CA5} = {5CED4043-E2EC-49E9-BC00-6A60BE93C81D}
		{849C28C0-9C74-8645-05BF-93477CD0A15D} = {5CED4043-E2EC-49E9-BC00-6A60BE93C81D}
		{5FE66F92-9258-1461-5968-907EAD4D60E7} = {5CED4043-E2EC-49E9-BC00-6A60BE93C81D}
		{EE20C5AF-A582-4751-5E0B-C1B378FE0920} = {5CED4043-E2EC-49E9-BC00-6A60BE93C81D}
		{6049D5CE-E272-4D01-A28C-3CEFF7D318A6} = {02EA681E-C7D8-13C7-8484-4AC65E1B71E8}
		{0CC442CD-A4AC-14B0-3F1E-E560ADD7BF0F} = {6049D5CE-E272-4D01-A28C-3CEFF7D318A6}
		{397C3258-C72F-AC0F-386C-2641CC1CC02C} = {6049D5CE-E272-4D01-A28C-3CEFF7D318A6}
		{B530F793-3201-8B46-B934-308834BAA2F8} = {6049D5CE-E272-4D01-A28C-3CEFF7D318A6}
		{CADD05CF-433E-E924-FB39-BD57B0E52272} = {6049D5CE-E272-4D01-A28C-3CEFF7D318A6}
		{5198D6CF-58FF-9762-5B8B-461D453B97B9} = {6049D5CE-E272-4D01-A28C-3CEFF7D318A6}
		{2F858A05-0622-C3C5-B8FB-5AF0B0EF1DDB} = {6049D5CE-E272-4D01-A28C-3CEFF7D318A6}
		{262F71BF-AEB6-F9C2-CD27-B39374A7C412} = {6049D5CE-E272-4D01-A28C-3CEFF7D318A6}
		{476F5648-7AB8-4BA5-8E0C-A8F20E3569AF} = {02EA681E-C7D8-13C7-8484-4AC65E1B71E8}
		{2B43B909-4202-E15E-F28E-53C6ED2E4696} = {476F5648-7AB8-4BA5-8E0C-A8F20E3569AF}
		{8D0754C2-9CA4-EF79-D5B7-54785592F1EF} = {476F5648-7AB8-4BA5-8E0C-A8F20E3569AF}
		{53FA6665-8D85-2BFC-4A2F-DD07AE4E06FD} = {476F5648-7AB8-4BA5-8E0C-A8F20E3569AF}
		{9816CFC8-D0FE-76EC-2069-D388CB005196} = {476F5648-7AB8-4BA5-8E0C-A8F20E3569AF}
		{D852C12A-A741-A693-7513-6DD739C7E86B} = {476F5648-7AB8-4BA5-8E0C-A8F20E3569AF}
		{AE512FA1-F958-2CF6-B15E-322064CDC3EE} = {476F5648-7AB8-4BA5-8E0C-A8F20E3569AF}
		{A1302878-1EBB-CBC1-DF06-E504CCA3D4BB} = {476F5648-7AB8-4BA5-8E0C-A8F20E3569AF}
		{BC058ECD-361C-4F40-BAA7-B2CD14101B3A} = {02EA681E-C7D8-13C7-8484-4AC65E1B71E8}
		{CC903F57-EC01-068A-3387-1C639FA225BF} = {BC058ECD-361C-4F40-BAA7-B2CD14101B3A}
		{F193EA3E-B6F4-D847-4705-A2368DF768C5} = {BC058ECD-361C-4F40-BAA7-B2CD14101B3A}
		{3E09CC44-9844-0958-E80E-8C9D0855672A} = {BC058ECD-361C-4F40-BAA7-B2CD14101B3A}
		{6631FE80-69DA-3D28-224D-C558D679904F} = {BC058ECD-361C-4F40-BAA7-B2CD14101B3A}
		{DAF1125A-FFDA-BBB6-426E-49F51237C8F2} = {BC058ECD-361C-4F40-BAA7-B2CD14101B3A}
		{AE7B93E8-E673-87EC-065E-E4067648344C} = {BC058ECD-361C-4F40-BAA7-B2CD14101B3A}
		{F83A5AEC-03B9-3A5D-6B14-E18BC97D65F6} = {BC058ECD-361C-4F40-BAA7-B2CD14101B3A}
		{E24B8222-DA6B-42BC-80D9-797FAC05C2EA} = {B91A47D2-C263-5038-41EB-7F1393D47ED0}
		{A68818F5-9204-4DFF-A7D3-29E540F71D17} = {B91A47D2-C263-5038-41EB-7F1393D47ED0}
	EndGlobalSection
	GlobalSection(ExtensibilityGlobals) = postSolution
		SolutionGuid = {28315BFD-90E7-4E14-A2EA-F3D23AF4126F}
	EndGlobalSection
EndGlobal
